# THIS IS AN AUTOGENERATED FILE. DO NOT EDIT THIS FILE DIRECTLY.
# yarn lockfile v1


"@types/node@^11.9.4":
  version "11.15.48"
  resolved "https://registry.yarnpkg.com/@types/node/-/node-11.15.48.tgz#66d19263ec61f1f6fa8750feb98ba02c6965ba44"
  integrity sha512-DLVfQ8B72qCYth+uVbmkcNwLMIj403uK9/CQTtnvT6DyuABLceBcROHNs56M6A26T7/m0syIYSmN7Y1dBc56rg==

typescript@^3.3.3:
  version "3.9.9"
  resolved "https://registry.yarnpkg.com/typescript/-/typescript-3.9.9.tgz#e69905c54bc0681d0518bd4d587cc6f2d0b1a674"
  integrity sha512-kdMjTiekY+z/ubJCATUPlRDl39vXYiMV9iyeMuEuXZh2we6zz80uovNN2WlAxmmdE/Z/YQe+EbOEXB5RHEED3w==
